
Microsoft Visual Studio Solution File, Format Version 12.00
# Visual Studio Version 17
VisualStudioVersion = 17.0.31903.59
MinimumVisualStudioVersion = 10.0.40219.1
Project("{FAE04EC0-301F-11D3-BF4B-00C04F79EFBC}") = "CreditApplication", "CreditApplication\CreditApplication.csproj", "{FA8FC32C-918F-4B9B-BBAA-9A9CEC8E0523}"
EndProject
Project("{FAE04EC0-301F-11D3-BF4B-00C04F79EFBC}") = "CreditApplicationTests", "CreditApplicationTests\CreditApplicationTests.csproj", "{1BCFAF69-ECD0-4523-89AF-27E3F3CEC31E}"
EndProject
Global
	GlobalSection(SolutionConfigurationPlatforms) = preSolution
		Debug|Any CPU = Debug|Any CPU
		Release|Any CPU = Release|Any CPU
	EndGlobalSection
	GlobalSection(SolutionProperties) = preSolution
		HideSolutionNode = FALSE
	EndGlobalSection
	GlobalSection(ProjectConfigurationPlatforms) = postSolution
		{FA8FC32C-918F-4B9B-BBAA-9A9CEC8E0523}.Debug|Any CPU.ActiveCfg = Debug|Any CPU
		{FA8FC32C-918F-4B9B-BBAA-9A9CEC8E0523}.Debug|Any CPU.Build.0 = Debug|Any CPU
		{FA8FC32C-918F-4B9B-BBAA-9A9CEC8E0523}.Release|Any CPU.ActiveCfg = Release|Any CPU
		{FA8FC32C-918F-4B9B-BBAA-9A9CEC8E0523}.Release|Any CPU.Build.0 = Release|Any CPU
		{1BCFAF69-ECD0-4523-89AF-27E3F3CEC31E}.Debug|Any CPU.ActiveCfg = Debug|Any CPU
		{1BCFAF69-ECD0-4523-89AF-27E3F3CEC31E}.Debug|Any CPU.Build.0 = Debug|Any CPU
		{1BCFAF69-ECD0-4523-89AF-27E3F3CEC31E}.Release|Any CPU.ActiveCfg = Release|Any CPU
		{1BCFAF69-ECD0-4523-89AF-27E3F3CEC31E}.Release|Any CPU.Build.0 = Release|Any CPU
	EndGlobalSection
EndGlobal
